Microsoft Visual Studio Solution File, Format Version 12.00
# Visual Studio 15
VisualStudioVersion = 15.0.28307.106
MinimumVisualStudioVersion = 10.0.40219.1
Project("{9A19103F-16F7-4668-BE54-9A1E7A4F7556}") = "BoilerDemo10", "BoilerDemo10.csproj", "{5F4C9FE7-D9B5-9DFF-F97E-CA563B67504A}"
EndProject
Global
    GlobalSection(SolutionConfigurationPlatforms) = preSolution
        Debug|Any CPU = Debug|Any CPU
        Release|Any CPU = Release|Any CPU
    EndGlobalSection
    GlobalSection(ProjectConfigurationPlatforms) = postSolution
        {5F4C9FE7-D9B5-9DFF-F97E-CA563B67504A}.Debug|Any CPU.ActiveCfg = Debug|Any CPU
        {5F4C9FE7-D9B5-9DFF-F97E-CA563B67504A}.Debug|Any CPU.Build.0 = Debug|Any CPU
        {5F4C9FE7-D9B5-9DFF-F97E-CA563B67504A}.Release|Any CPU.ActiveCfg = Release|Any CPU
        {5F4C9FE7-D9B5-9DFF-F97E-CA563B67504A}.Release|Any CPU.Build.0 = Release|Any CPU
    EndGlobalSection
    GlobalSection(SolutionProperties) = preSolution
        HideSolutionNode = FALSE
    EndGlobalSection
EndGlobal
